
Microsoft Visual Studio Solution File, Format Version 12.00
# Visual Studio 15
VisualStudioVersion = 15.0.27703.2000
MinimumVisualStudioVersion = 10.0.40219.1
Project("{FAE04EC0-301F-11D3-BF4B-00C04F79EFBC}") = "TodoList", "TodoList\TodoList.csproj", "{D61AC412-C2EB-4162-8C41-EEEA209704B8}"
EndProject
Project("{FAE04EC0-301F-11D3-BF4B-00C04F79EFBC}") = "TodoList.Tests", "TodoList.Tests\TodoList.Tests.csproj", "{AE8017E3-BD8A-424C-9231-ECE924817EC3}"
EndProject
Global
	GlobalSection(SolutionConfigurationPlatforms) = preSolution
		Debug|Any CPU = Debug|Any CPU
		Release|Any CPU = Release|Any CPU
	EndGlobalSection
	GlobalSection(ProjectConfigurationPlatforms) = postSolution
		{D61AC412-C2EB-4162-8C41-EEEA209704B8}.Debug|Any CPU.ActiveCfg = Debug|Any CPU
		{D61AC412-C2EB-4162-8C41-EEEA209704B8}.Debug|Any CPU.Build.0 = Debug|Any CPU
		{D61AC412-C2EB-4162-8C41-EEEA209704B8}.Release|Any CPU.ActiveCfg = Release|Any CPU
		{D61AC412-C2EB-4162-8C41-EEEA209704B8}.Release|Any CPU.Build.0 = Release|Any CPU
		{AE8017E3-BD8A-424C-9231-ECE924817EC3}.Debug|Any CPU.ActiveCfg = Debug|Any CPU
		{AE8017E3-BD8A-424C-9231-ECE924817EC3}.Debug|Any CPU.Build.0 = Debug|Any CPU
		{AE8017E3-BD8A-424C-9231-ECE924817EC3}.Release|Any CPU.ActiveCfg = Release|Any CPU
		{AE8017E3-BD8A-424C-9231-ECE924817EC3}.Release|Any CPU.Build.0 = Release|Any CPU
	EndGlobalSection
	GlobalSection(SolutionProperties) = preSolution
		HideSolutionNode = FALSE
	EndGlobalSection
	GlobalSection(ExtensibilityGlobals) = postSolution
		SolutionGuid = {91E00AE2-6FF2-4116-B1D8-60712C10C153}
	EndGlobalSection
EndGlobal
